# THIS IS AN AUTOGENERATED FILE. DO NOT EDIT THIS FILE DIRECTLY.
# yarn lockfile v1


"@rescript/react@^0.10.3":
  version "0.10.3"
  resolved "https://registry.yarnpkg.com/@rescript/react/-/react-0.10.3.tgz#a2a8bed6b017940ec26c2154764b350f50348889"
  integrity sha512-Lf9rzrR3bQPKJjOK3PBRa/B3xrJ7CqQ1HYr9VHPVxJidarIJJFZBhj0Dg1uZURX+Wg/xiP0PHFxXmdj2bK8Vxw==

prettier@^2.5.1:
  version "2.5.1"
  resolved "https://registry.yarnpkg.com/prettier/-/prettier-2.5.1.tgz#fff75fa9d519c54cf0fce328c1017d94546bc56a"
  integrity sha512-vBZcPRUR5MZJwoyi3ZoyQlc1rXeEck8KgeC9AwwOn+exuxLxq5toTRDTSaVrXHxelDMHy9zlicw8u66yxoSUFg==

"rescript-react-native@^0.64.3 || ^0.65.0 || ^0.66.0":
  version "0.66.1"
  resolved "https://registry.yarnpkg.com/rescript-react-native/-/rescript-react-native-0.66.1.tgz#50a477dae1413c74dead9e32b87e81e98a419418"
  integrity sha512-i404Nv9jsNrBpQOcNmP09VZRRyE4JPcxLywTFuNzmnF0gCX94ZvrMvVI2zhrNQ83V8E32ctrPnusE+mCxe+1eg==

rescript@^10.0.1:
  version "10.0.1"
  resolved "https://registry.yarnpkg.com/rescript/-/rescript-10.0.1.tgz#5b2da8a8bcfb994bed1eb24820bf10cfb9d8c440"
  integrity sha512-XwO1GPDtoEU4H03xQE5bp0/qtSVR6YLaJRPxWKrfFgKc+LI36ODOCie7o9UJfgzQdoMYkkZyiTGZ4N9OQEaiUw==
