# THIS IS AN AUTOGENERATED FILE. DO NOT EDIT THIS FILE DIRECTLY.
# yarn lockfile v1


"@rescript/react@^0.11.0":
  version "0.11.0"
  resolved "https://registry.yarnpkg.com/@rescript/react/-/react-0.11.0.tgz#d2545546d823bdb8e6b59daa1790098d1666f79e"
  integrity sha512-RzoAO+3cJwXE2D7yodMo4tBO2EkeDYCN/I/Sj/yRweI3S1CY1ZBOF/GMcVtjeIurJJt7KMveqQXTaRrqoGZBBg==

prettier@^2.5.1:
  version "2.5.1"
  resolved "https://registry.yarnpkg.com/prettier/-/prettier-2.5.1.tgz#fff75fa9d519c54cf0fce328c1017d94546bc56a"
  integrity sha512-vBZcPRUR5MZJwoyi3ZoyQlc1rXeEck8KgeC9AwwOn+exuxLxq5toTRDTSaVrXHxelDMHy9zlicw8u66yxoSUFg==

rescript-react-native@^0.72.0:
  version "0.72.0"
  resolved "https://registry.yarnpkg.com/rescript-react-native/-/rescript-react-native-0.72.0.tgz#ba859da49734d1beee72838b4b28af0752abc5a0"
  integrity sha512-xRAPhWYXuAUfthFWEtFJ2R/2t/cnHZ7tCpJomv/3ga60AeDnr8S7OJ/iRZghtz4P3Ngd/+UdNMq3fjuvoAu1Yg==

rescript@^10.1.4:
  version "10.1.4"
  resolved "https://registry.yarnpkg.com/rescript/-/rescript-10.1.4.tgz#0f37710d371f32a704f17b4e804f66ce3c79a305"
  integrity sha512-FFKlS9AG/XrLepWsyw7B+A9DtQBPWEPDPDKghV831Y2KGbie+eeFBOS0xtRHp0xbt7S0N2Dm6hhX+kTZQ/3Ybg==
